{
  "name": "emps-php",
  "version": "1.0.0",
  "lockfileVersion": 3,
  "requires": true,
  "packages": {
    "": {
      "name": "emps-php",
      "version": "1.0.0",
      "license": "ISC",
      "dependencies": {
        "@fancyapps/ui": "latest",
        "@tinymce/tinymce-vue": "~3",
        "bower": "^1.8.8",
        "bulma-extensions": "latest",
        "flatpickr": "^4.6.3",
        "simplebar": "^4.2.3",
        "vue-numeric": "latest",
        "vue-select": "^3.4.0",
        "vue-sortable": "latest"
      }
    },
    "node_modules/@fancyapps/ui": {
      "version": "5.0.36",
      "resolved": "https://registry.npmjs.org/@fancyapps/ui/-/ui-5.0.36.tgz",
      "integrity": "sha512-GMygQzp1MBTFNTT6AzpbL6pXTD6bTxwjmmpI1fe8Ozmmiseu8/g82Sudl1YhcbZmS4bJgaBOF5THDFGpXQ1fDw=="
    },
    "node_modules/@tinymce/tinymce-vue": {
      "version": "3.2.2",
      "resolved": "https://registry.npmjs.org/@tinymce/tinymce-vue/-/tinymce-vue-3.2.2.tgz",
      "integrity": "sha512-LNgKbdaScHHkBsq6UZsMpEL5yPY8oYTGaOX97+ArpJSw4B6KSQpKU+/GHnkytQhPgQLLob+ghejP0ifVQXuczg==",
      "peerDependencies": {
        "vue": "^2.4.3"
      }
    },
    "node_modules/accounting-js": {
      "version": "1.1.1",
      "resolved": "https://registry.npmjs.org/accounting-js/-/accounting-js-1.1.1.tgz",
      "integrity": "sha1-f+Sz9wwB6+C4XALF8QfxOTuIDJ4=",
      "dependencies": {
        "is-string": "^1.0.4",
        "object-assign": "^4.0.1"
      }
    },
    "node_modules/bower": {
      "version": "1.8.8",
      "resolved": "https://registry.npmjs.org/bower/-/bower-1.8.8.tgz",
      "integrity": "sha512-1SrJnXnkP9soITHptSO+ahx3QKp3cVzn8poI6ujqc5SeOkg5iqM1pK9H+DSc2OQ8SnO0jC/NG4Ur/UIwy7574A==",
      "deprecated": "We don't recommend using Bower for new projects. Please consider Yarn and Webpack or Parcel. You can read how to migrate legacy project here: https://bower.io/blog/2017/how-to-migrate-away-from-bower/",
      "bin": {
        "bower": "bin/bower"
      },
      "engines": {
        "node": ">=0.10.0"
      }
    },
    "node_modules/bulma-extensions": {
      "version": "6.2.7",
      "resolved": "https://registry.npmjs.org/bulma-extensions/-/bulma-extensions-6.2.7.tgz",
      "integrity": "sha512-y3dHsxlCYkuxUg87KKN9H4InM8NCk8tdnrlxLkYak8sd2WQdllg3wP2Nv41lj8X46uPXX2ADP0MO65LlXPHt/Q=="
    },
    "node_modules/can-use-dom": {
      "version": "0.1.0",
      "resolved": "https://registry.npmjs.org/can-use-dom/-/can-use-dom-0.1.0.tgz",
      "integrity": "sha1-IsxKNKCrxDlQ9CxkEQJKP2NmtFo="
    },
    "node_modules/core-js": {
      "version": "3.6.0",
      "resolved": "https://registry.npmjs.org/core-js/-/core-js-3.6.0.tgz",
      "integrity": "sha512-AHPTNKzyB+YwgDWoSOCaid9PUSEF6781vsfiK8qUz62zRR448/XgK2NtCbpiUGizbep8Lrpt0Du19PpGGZvw3Q==",
      "deprecated": "core-js@<3.23.3 is no longer maintained and not recommended for usage due to the number of issues. Because of the V8 engine whims, feature detection in old core-js versions could cause a slowdown up to 100x even if nothing is polyfilled. Some versions have web compatibility issues. Please, upgrade your dependencies to the actual version of core-js.",
      "hasInstallScript": true,
      "funding": {
        "type": "opencollective",
        "url": "https://opencollective.com/core-js"
      }
    },
    "node_modules/flatpickr": {
      "version": "4.6.3",
      "resolved": "https://registry.npmjs.org/flatpickr/-/flatpickr-4.6.3.tgz",
      "integrity": "sha512-007VucCkqNOMMb9ggRLNuJowwaJcyOh4sKAFcdGfahfGc7JQbf94zSzjdBq/wVyHWUEs5o3+idhFZ0wbZMRmVQ=="
    },
    "node_modules/is-string": {
      "version": "1.0.5",
      "resolved": "https://registry.npmjs.org/is-string/-/is-string-1.0.5.tgz",
      "integrity": "sha512-buY6VNRjhQMiF1qWDouloZlQbRhDPCebwxSjxMjxgemYT46YMd2NR0/H+fBhEfWX4A/w9TBJ+ol+okqJKFE6vQ==",
      "engines": {
        "node": ">= 0.4"
      },
      "funding": {
        "url": "https://github.com/sponsors/ljharb"
      }
    },
    "node_modules/lodash.debounce": {
      "version": "4.0.8",
      "resolved": "https://registry.npmjs.org/lodash.debounce/-/lodash.debounce-4.0.8.tgz",
      "integrity": "sha1-gteb/zCmfEAF/9XiUVMArZyk168="
    },
    "node_modules/lodash.memoize": {
      "version": "4.1.2",
      "resolved": "https://registry.npmjs.org/lodash.memoize/-/lodash.memoize-4.1.2.tgz",
      "integrity": "sha1-vMbEmkKihA7Zl/Mj6tpezRguC/4="
    },
    "node_modules/lodash.throttle": {
      "version": "4.1.1",
      "resolved": "https://registry.npmjs.org/lodash.throttle/-/lodash.throttle-4.1.1.tgz",
      "integrity": "sha1-wj6RtxAkKscMN/HhzaknTMOb8vQ="
    },
    "node_modules/object-assign": {
      "version": "4.1.1",
      "resolved": "https://registry.npmjs.org/object-assign/-/object-assign-4.1.1.tgz",
      "integrity": "sha1-IQmtx5ZYh8/AXLvUQsrIv7s2CGM=",
      "engines": {
        "node": ">=0.10.0"
      }
    },
    "node_modules/resize-observer-polyfill": {
      "version": "1.5.1",
      "resolved": "https://registry.npmjs.org/resize-observer-polyfill/-/resize-observer-polyfill-1.5.1.tgz",
      "integrity": "sha512-LwZrotdHOo12nQuZlHEmtuXdqGoOD0OhaxopaNFxWzInpEgaLWoVuAMbTzixuosCx2nEG58ngzW3vxdWoxIgdg=="
    },
    "node_modules/simplebar": {
      "version": "4.2.3",
      "resolved": "https://registry.npmjs.org/simplebar/-/simplebar-4.2.3.tgz",
      "integrity": "sha512-9no0pK7/1y+8/oTF3sy/+kx0PjQ3uk4cYwld5F1CJGk2gx+prRyUq8GRfvcVLq5niYWSozZdX73a2wIr1o9l/g==",
      "dependencies": {
        "can-use-dom": "^0.1.0",
        "core-js": "^3.0.1",
        "lodash.debounce": "^4.0.8",
        "lodash.memoize": "^4.1.2",
        "lodash.throttle": "^4.1.1",
        "resize-observer-polyfill": "^1.5.1"
      }
    },
    "node_modules/sortablejs": {
      "version": "1.10.2",
      "resolved": "https://registry.npmjs.org/sortablejs/-/sortablejs-1.10.2.tgz",
      "integrity": "sha512-YkPGufevysvfwn5rfdlGyrGjt7/CRHwvRPogD/lC+TnvcN29jDpCifKP+rBqf+LRldfXSTh+0CGLcSg0VIxq3A=="
    },
    "node_modules/vue-numeric": {
      "version": "2.3.0",
      "resolved": "https://registry.npmjs.org/vue-numeric/-/vue-numeric-2.3.0.tgz",
      "integrity": "sha1-1uWqfFA1qG8uNkgfsf0P4rxEX5I=",
      "dependencies": {
        "accounting-js": "^1.1.1"
      }
    },
    "node_modules/vue-select": {
      "version": "3.4.0",
      "resolved": "https://registry.npmjs.org/vue-select/-/vue-select-3.4.0.tgz",
      "integrity": "sha512-UHd0fiUjPgRmHIGhI6yUKtnJsHOdvzD00QUGUtD+FaxWWZRWF2AAb7KPZRj0j/egVfZQvey6M6woHn78GbTogA==",
      "peerDependencies": {
        "vue": "2.x"
      }
    },
    "node_modules/vue-sortable": {
      "version": "0.1.3",
      "resolved": "https://registry.npmjs.org/vue-sortable/-/vue-sortable-0.1.3.tgz",
      "integrity": "sha1-N7iJ4vLVTGFI1dG5WIBsZwQiHrk=",
      "dependencies": {
        "sortablejs": "^1.4.2"
      }
    }
  }
}
