{
  "name": "emps-php",
  "version": "1.0.0",
  "lockfileVersion": 1,
  "requires": true,
  "dependencies": {
    "@tinymce/tinymce-vue": {
      "version": "1.1.2",
      "resolved": "https://registry.npmjs.org/@tinymce/tinymce-vue/-/tinymce-vue-1.1.2.tgz",
      "integrity": "sha512-nknWxb5gQv8lYXtJ7S/T8f/S15iUVcIKZfBWPRtvihv7GVrPZu3lDeNfvpdgR5VHG8YZakdhVhg/zvaT5XzPNQ==",
      "requires": {
        "vue": "^2.5.17"
      }
    },
    "accounting-js": {
      "version": "1.1.1",
      "resolved": "https://registry.npmjs.org/accounting-js/-/accounting-js-1.1.1.tgz",
      "integrity": "sha1-f+Sz9wwB6+C4XALF8QfxOTuIDJ4=",
      "requires": {
        "is-string": "^1.0.4",
        "object-assign": "^4.0.1"
      }
    },
    "can-use-dom": {
      "version": "0.1.0",
      "resolved": "https://registry.npmjs.org/can-use-dom/-/can-use-dom-0.1.0.tgz",
      "integrity": "sha1-IsxKNKCrxDlQ9CxkEQJKP2NmtFo="
    },
    "core-js": {
      "version": "3.2.1",
      "resolved": "https://registry.npmjs.org/core-js/-/core-js-3.2.1.tgz",
      "integrity": "sha512-Qa5XSVefSVPRxy2XfUC13WbvqkxhkwB3ve+pgCQveNgYzbM/UxZeu1dcOX/xr4UmfUd+muuvsaxilQzCyUurMw=="
    },
    "flatpickr": {
      "version": "4.6.2",
      "resolved": "https://registry.npmjs.org/flatpickr/-/flatpickr-4.6.2.tgz",
      "integrity": "sha512-bRfBPyxohUQWgCTg6jPALUO1t/x+sRJ/S/RVti/NzYvHqGRpCAesKSWKLzOuLmpu+vGHfXBld4SXvOCLFgYb+g=="
    },
    "is-string": {
      "version": "1.0.4",
      "resolved": "https://registry.npmjs.org/is-string/-/is-string-1.0.4.tgz",
      "integrity": "sha1-zDqbaYV9Yh6WNyWiTK7shzuCbmQ="
    },
    "lodash.debounce": {
      "version": "4.0.8",
      "resolved": "https://registry.npmjs.org/lodash.debounce/-/lodash.debounce-4.0.8.tgz",
      "integrity": "sha1-gteb/zCmfEAF/9XiUVMArZyk168="
    },
    "lodash.memoize": {
      "version": "4.1.2",
      "resolved": "https://registry.npmjs.org/lodash.memoize/-/lodash.memoize-4.1.2.tgz",
      "integrity": "sha1-vMbEmkKihA7Zl/Mj6tpezRguC/4="
    },
    "lodash.throttle": {
      "version": "4.1.1",
      "resolved": "https://registry.npmjs.org/lodash.throttle/-/lodash.throttle-4.1.1.tgz",
      "integrity": "sha1-wj6RtxAkKscMN/HhzaknTMOb8vQ="
    },
    "object-assign": {
      "version": "4.1.1",
      "resolved": "https://registry.npmjs.org/object-assign/-/object-assign-4.1.1.tgz",
      "integrity": "sha1-IQmtx5ZYh8/AXLvUQsrIv7s2CGM="
    },
    "resize-observer-polyfill": {
      "version": "1.5.1",
      "resolved": "https://registry.npmjs.org/resize-observer-polyfill/-/resize-observer-polyfill-1.5.1.tgz",
      "integrity": "sha512-LwZrotdHOo12nQuZlHEmtuXdqGoOD0OhaxopaNFxWzInpEgaLWoVuAMbTzixuosCx2nEG58ngzW3vxdWoxIgdg=="
    },
    "simplebar": {
      "version": "4.1.0",
      "resolved": "https://registry.npmjs.org/simplebar/-/simplebar-4.1.0.tgz",
      "integrity": "sha512-kX+CsWbWLeufIsqJl8xg5J4WbYMyq5NONR/aTaehN8XLQxOthSgRT/uAXsqX9Yrw3iiGxD9PPwM1PmEJfWAdcg==",
      "requires": {
        "can-use-dom": "^0.1.0",
        "core-js": "^3.0.1",
        "lodash.debounce": "^4.0.8",
        "lodash.memoize": "^4.1.2",
        "lodash.throttle": "^4.1.1",
        "resize-observer-polyfill": "^1.5.1"
      }
    },
    "sortablejs": {
      "version": "1.8.1",
      "resolved": "https://registry.npmjs.org/sortablejs/-/sortablejs-1.8.1.tgz",
      "integrity": "sha512-r0bKxZYGUFgv/6DQSWW8TVJBBtupUn6TPnDABd4rlqNq+u94ct5+barZmYauPAQNCKwy56C1kg9Y9msAN7UPag=="
    },
    "vue": {
      "version": "2.6.2",
      "resolved": "https://registry.npmjs.org/vue/-/vue-2.6.2.tgz",
      "integrity": "sha512-NZAb0H+t3/99g2nygURcEJ+ncvzNLPiEiFI5MGhc1Cjsw5uYprF+Ol7SOd1RXPcmVVzK7jUBl0th2tNgt+VQDg=="
    },
    "vue-numeric": {
      "version": "2.3.0",
      "resolved": "https://registry.npmjs.org/vue-numeric/-/vue-numeric-2.3.0.tgz",
      "integrity": "sha1-1uWqfFA1qG8uNkgfsf0P4rxEX5I=",
      "requires": {
        "accounting-js": "^1.1.1"
      }
    },
    "vue-select": {
      "version": "3.2.0",
      "resolved": "https://registry.npmjs.org/vue-select/-/vue-select-3.2.0.tgz",
      "integrity": "sha512-FfARbDuJWQNpYm6X9zPWCsYXmz33TNR2oqY8FktKRVksKfp1tZPqL9g+/7wgsaMaqUxcIxYEUVV7C3AD+H5cxA=="
    },
    "vue-sortable": {
      "version": "0.1.3",
      "resolved": "https://registry.npmjs.org/vue-sortable/-/vue-sortable-0.1.3.tgz",
      "integrity": "sha1-N7iJ4vLVTGFI1dG5WIBsZwQiHrk=",
      "requires": {
        "sortablejs": "^1.4.2"
      }
    }
  }
}
